
Microsoft Visual Studio Solution File, Format Version 12.00
Project("{FAE04EC0-301F-11D3-BF4B-00C04F79EFBC}") = "Chat.Infrastructure", "Chat.Infrastructure\Chat.Infrastructure.csproj", "{2D5FF24D-FAE2-4FE2-B81E-0F68ED80C291}"
EndProject
Project("{FAE04EC0-301F-11D3-BF4B-00C04F79EFBC}") = "Chat.AppCore", "Chat.AppCore\Chat.AppCore.csproj", "{B5CAD66E-D304-485D-AEE1-9307BA51E2C1}"
EndProject
Project("{FAE04EC0-301F-11D3-BF4B-00C04F79EFBC}") = "Chat.Domain", "Chat.Domain\Chat.Domain.csproj", "{2852692B-1CF0-433A-B80C-493AB428F28C}"
EndProject
Project("{FAE04EC0-301F-11D3-BF4B-00C04F79EFBC}") = "Chat.API", "Chat.API\Chat.API.csproj", "{B35AE844-414D-4B6A-8893-A0247ECD1ECA}"
	ProjectSection(ProjectDependencies) = postProject
		{ACED79D2-6A6A-4AFE-85AC-DCE94BB3F51E} = {ACED79D2-6A6A-4AFE-85AC-DCE94BB3F51E}
	EndProjectSection
EndProject
Project("{FAE04EC0-301F-11D3-BF4B-00C04F79EFBC}") = "Chat.BackgroundService", "Chat.BackgroundService\Chat.BackgroundService.csproj", "{ACED79D2-6A6A-4AFE-85AC-DCE94BB3F51E}"
EndProject
Project("{FAE04EC0-301F-11D3-BF4B-00C04F79EFBC}") = "GrpcClientTester", "GrpcClientTester\GrpcClientTester.csproj", "{F73058F5-9211-4AAE-AAC5-F267B6ECD81D}"
EndProject
Project("{FAE04EC0-301F-11D3-BF4B-00C04F79EFBC}") = "GrpcClientTester2", "GrpcClientTester2\GrpcClientTester2.csproj", "{3FF48828-22B0-4E28-8DA2-820FE9DC2B29}"
EndProject
Project("{FAE04EC0-301F-11D3-BF4B-00C04F79EFBC}") = "GrpcChatService", "GrpcChatService\GrpcChatService.csproj", "{48EC5E9F-BD4C-42AB-A4CD-0809726C0ED8}"
EndProject
Global
	GlobalSection(SolutionConfigurationPlatforms) = preSolution
		Debug|Any CPU = Debug|Any CPU
		Release|Any CPU = Release|Any CPU
	EndGlobalSection
	GlobalSection(ProjectConfigurationPlatforms) = postSolution
		{2D5FF24D-FAE2-4FE2-B81E-0F68ED80C291}.Debug|Any CPU.ActiveCfg = Debug|Any CPU
		{2D5FF24D-FAE2-4FE2-B81E-0F68ED80C291}.Debug|Any CPU.Build.0 = Debug|Any CPU
		{2D5FF24D-FAE2-4FE2-B81E-0F68ED80C291}.Release|Any CPU.ActiveCfg = Release|Any CPU
		{2D5FF24D-FAE2-4FE2-B81E-0F68ED80C291}.Release|Any CPU.Build.0 = Release|Any CPU
		{B5CAD66E-D304-485D-AEE1-9307BA51E2C1}.Debug|Any CPU.ActiveCfg = Debug|Any CPU
		{B5CAD66E-D304-485D-AEE1-9307BA51E2C1}.Debug|Any CPU.Build.0 = Debug|Any CPU
		{B5CAD66E-D304-485D-AEE1-9307BA51E2C1}.Release|Any CPU.ActiveCfg = Release|Any CPU
		{B5CAD66E-D304-485D-AEE1-9307BA51E2C1}.Release|Any CPU.Build.0 = Release|Any CPU
		{2852692B-1CF0-433A-B80C-493AB428F28C}.Debug|Any CPU.ActiveCfg = Debug|Any CPU
		{2852692B-1CF0-433A-B80C-493AB428F28C}.Debug|Any CPU.Build.0 = Debug|Any CPU
		{2852692B-1CF0-433A-B80C-493AB428F28C}.Release|Any CPU.ActiveCfg = Release|Any CPU
		{2852692B-1CF0-433A-B80C-493AB428F28C}.Release|Any CPU.Build.0 = Release|Any CPU
		{B35AE844-414D-4B6A-8893-A0247ECD1ECA}.Debug|Any CPU.ActiveCfg = Debug|Any CPU
		{B35AE844-414D-4B6A-8893-A0247ECD1ECA}.Debug|Any CPU.Build.0 = Debug|Any CPU
		{B35AE844-414D-4B6A-8893-A0247ECD1ECA}.Release|Any CPU.ActiveCfg = Release|Any CPU
		{B35AE844-414D-4B6A-8893-A0247ECD1ECA}.Release|Any CPU.Build.0 = Release|Any CPU
		{ACED79D2-6A6A-4AFE-85AC-DCE94BB3F51E}.Debug|Any CPU.ActiveCfg = Debug|Any CPU
		{ACED79D2-6A6A-4AFE-85AC-DCE94BB3F51E}.Debug|Any CPU.Build.0 = Debug|Any CPU
		{ACED79D2-6A6A-4AFE-85AC-DCE94BB3F51E}.Release|Any CPU.ActiveCfg = Release|Any CPU
		{ACED79D2-6A6A-4AFE-85AC-DCE94BB3F51E}.Release|Any CPU.Build.0 = Release|Any CPU
		{F73058F5-9211-4AAE-AAC5-F267B6ECD81D}.Debug|Any CPU.ActiveCfg = Debug|Any CPU
		{F73058F5-9211-4AAE-AAC5-F267B6ECD81D}.Debug|Any CPU.Build.0 = Debug|Any CPU
		{F73058F5-9211-4AAE-AAC5-F267B6ECD81D}.Release|Any CPU.ActiveCfg = Release|Any CPU
		{F73058F5-9211-4AAE-AAC5-F267B6ECD81D}.Release|Any CPU.Build.0 = Release|Any CPU
		{3FF48828-22B0-4E28-8DA2-820FE9DC2B29}.Debug|Any CPU.ActiveCfg = Debug|Any CPU
		{3FF48828-22B0-4E28-8DA2-820FE9DC2B29}.Debug|Any CPU.Build.0 = Debug|Any CPU
		{3FF48828-22B0-4E28-8DA2-820FE9DC2B29}.Release|Any CPU.ActiveCfg = Release|Any CPU
		{3FF48828-22B0-4E28-8DA2-820FE9DC2B29}.Release|Any CPU.Build.0 = Release|Any CPU
		{48EC5E9F-BD4C-42AB-A4CD-0809726C0ED8}.Debug|Any CPU.ActiveCfg = Debug|Any CPU
		{48EC5E9F-BD4C-42AB-A4CD-0809726C0ED8}.Debug|Any CPU.Build.0 = Debug|Any CPU
		{48EC5E9F-BD4C-42AB-A4CD-0809726C0ED8}.Release|Any CPU.ActiveCfg = Release|Any CPU
		{48EC5E9F-BD4C-42AB-A4CD-0809726C0ED8}.Release|Any CPU.Build.0 = Release|Any CPU
	EndGlobalSection
EndGlobal
